
Microsoft Visual Studio Solution File, Format Version 12.00
# Visual Studio Version 17
VisualStudioVersion = 17.4.33213.308
MinimumVisualStudioVersion = 10.0.40219.1
Project("{FAE04EC0-301F-11D3-BF4B-00C04F79EFBC}") = "GitbashAssignment", "GitbashAssignment\GitbashAssignment.csproj", "{66D18F2D-5C67-483F-A713-B99AFA519A5A}"
EndProject
Global
	GlobalSection(SolutionConfigurationPlatforms) = preSolution
		Debug|Any CPU = Debug|Any CPU
		Release|Any CPU = Release|Any CPU
	EndGlobalSection
	GlobalSection(ProjectConfigurationPlatforms) = postSolution
		{66D18F2D-5C67-483F-A713-B99AFA519A5A}.Debug|Any CPU.ActiveCfg = Debug|Any CPU
		{66D18F2D-5C67-483F-A713-B99AFA519A5A}.Debug|Any CPU.Build.0 = Debug|Any CPU
		{66D18F2D-5C67-483F-A713-B99AFA519A5A}.Release|Any CPU.ActiveCfg = Release|Any CPU
		{66D18F2D-5C67-483F-A713-B99AFA519A5A}.Release|Any CPU.Build.0 = Release|Any CPU
	EndGlobalSection
	GlobalSection(SolutionProperties) = preSolution
		HideSolutionNode = FALSE
	EndGlobalSection
	GlobalSection(ExtensibilityGlobals) = postSolution
		SolutionGuid = {1519E4B2-E703-4ABB-ACA0-B3BCA2A4062D}
	EndGlobalSection
EndGlobal
